{
  "name": "Sistema estoque",
  "lockfileVersion": 3,
  "requires": true,
  "packages": {
    "": {
      "dependencies": {
        "@prisma/client": "^5.15.0",
        "json2csv": "^6.0.0-alpha.2",
        "prisma": "^5.15.0"
      }
    },
    "node_modules/@prisma/client": {
      "version": "5.15.0",
      "resolved": "https://registry.npmjs.org/@prisma/client/-/client-5.15.0.tgz",
      "integrity": "sha512-wPTeTjbd2Q0abOeffN7zCDCbkp9C9cF+e9HPiI64lmpehyq2TepgXE+sY7FXr7Rhbb21prLMnhXX27/E11V09w==",
      "hasInstallScript": true,
      "license": "Apache-2.0",
      "engines": {
        "node": ">=16.13"
      },
      "peerDependencies": {
        "prisma": "*"
      },
      "peerDependenciesMeta": {
        "prisma": {
          "optional": true
        }
      }
    },
    "node_modules/@prisma/debug": {
      "version": "5.15.0",
      "resolved": "https://registry.npmjs.org/@prisma/debug/-/debug-5.15.0.tgz",
      "integrity": "sha512-QpEAOjieLPc/4sMny/WrWqtpIAmBYsgqwWlWwIctqZO0AbhQ9QcT6x2Ut3ojbDo/pFRCCA1Z1+xm2MUy7fAkZA==",
      "license": "Apache-2.0"
    },
    "node_modules/@prisma/engines": {
      "version": "5.15.0",
      "resolved": "https://registry.npmjs.org/@prisma/engines/-/engines-5.15.0.tgz",
      "integrity": "sha512-hXL5Sn9hh/ZpRKWiyPA5GbvF3laqBHKt6Vo70hYqqOhh5e0ZXDzHcdmxNvOefEFeqxra2DMz2hNbFoPvqrVe1w==",
      "hasInstallScript": true,
      "license": "Apache-2.0",
      "dependencies": {
        "@prisma/debug": "5.15.0",
        "@prisma/engines-version": "5.15.0-29.12e25d8d06f6ea5a0252864dd9a03b1bb51f3022",
        "@prisma/fetch-engine": "5.15.0",
        "@prisma/get-platform": "5.15.0"
      }
    },
    "node_modules/@prisma/engines-version": {
      "version": "5.15.0-29.12e25d8d06f6ea5a0252864dd9a03b1bb51f3022",
      "resolved": "https://registry.npmjs.org/@prisma/engines-version/-/engines-version-5.15.0-29.12e25d8d06f6ea5a0252864dd9a03b1bb51f3022.tgz",
      "integrity": "sha512-3BEgZ41Qb4oWHz9kZNofToRvNeS4LZYaT9pienR1gWkjhky6t6K1NyeWNBkqSj2llgraUNbgMOCQPY4f7Qp5wA==",
      "license": "Apache-2.0"
    },
    "node_modules/@prisma/fetch-engine": {
      "version": "5.15.0",
      "resolved": "https://registry.npmjs.org/@prisma/fetch-engine/-/fetch-engine-5.15.0.tgz",
      "integrity": "sha512-z6AY5yyXxc20Klj7wwnfGP0iIUkVKzybqapT02zLYR/nf9ynaeN8bq73WRmi1TkLYn+DJ5Qy+JGu7hBf1pE78A==",
      "license": "Apache-2.0",
      "dependencies": {
        "@prisma/debug": "5.15.0",
        "@prisma/engines-version": "5.15.0-29.12e25d8d06f6ea5a0252864dd9a03b1bb51f3022",
        "@prisma/get-platform": "5.15.0"
      }
    },
    "node_modules/@prisma/get-platform": {
      "version": "5.15.0",
      "resolved": "https://registry.npmjs.org/@prisma/get-platform/-/get-platform-5.15.0.tgz",
      "integrity": "sha512-1GULDkW4+/VQb73vihxCBSc4Chc2x88MA+O40tcZFjmBzG4/fF44PaXFxUqKSFltxU9L9GIMLhh0Gfkk/pUbtg==",
      "license": "Apache-2.0",
      "dependencies": {
        "@prisma/debug": "5.15.0"
      }
    },
    "node_modules/@streamparser/json": {
      "version": "0.0.6",
      "resolved": "https://registry.npmjs.org/@streamparser/json/-/json-0.0.6.tgz",
      "integrity": "sha512-vL9EVn/v+OhZ+Wcs6O4iKE9EUpwHUqHmCtNUMWjqp+6dr85+XPOSGTEsqYNq1Vn04uk9SWlOVmx9J48ggJVT2Q==",
      "license": "MIT"
    },
    "node_modules/commander": {
      "version": "6.2.1",
      "resolved": "https://registry.npmjs.org/commander/-/commander-6.2.1.tgz",
      "integrity": "sha512-U7VdrJFnJgo4xjrHpTzu0yrHPGImdsmD95ZlgYSEajAn2JKzDhDTPG9kBTefmObL2w/ngeZnilk+OV9CG3d7UA==",
      "license": "MIT",
      "engines": {
        "node": ">= 6"
      }
    },
    "node_modules/json2csv": {
      "version": "6.0.0-alpha.2",
      "resolved": "https://registry.npmjs.org/json2csv/-/json2csv-6.0.0-alpha.2.tgz",
      "integrity": "sha512-nJ3oP6QxN8z69IT1HmrJdfVxhU1kLTBVgMfRnNZc37YEY+jZ4nU27rBGxT4vaqM/KUCavLRhntmTuBFqZLBUcA==",
      "license": "MIT",
      "dependencies": {
        "@streamparser/json": "^0.0.6",
        "commander": "^6.2.0",
        "lodash.get": "^4.4.2"
      },
      "bin": {
        "json2csv": "bin/json2csv.js"
      },
      "engines": {
        "node": ">= 12",
        "npm": ">= 6.13.0"
      }
    },
    "node_modules/lodash.get": {
      "version": "4.4.2",
      "resolved": "https://registry.npmjs.org/lodash.get/-/lodash.get-4.4.2.tgz",
      "integrity": "sha512-z+Uw/vLuy6gQe8cfaFWD7p0wVv8fJl3mbzXh33RS+0oW2wvUqiRXiQ69gLWSLpgB5/6sU+r6BlQR0MBILadqTQ==",
      "deprecated": "This package is deprecated. Use the optional chaining (?.) operator instead.",
      "license": "MIT"
    },
    "node_modules/prisma": {
      "version": "5.15.0",
      "resolved": "https://registry.npmjs.org/prisma/-/prisma-5.15.0.tgz",
      "integrity": "sha512-JA81ACQSCi3a7NUOgonOIkdx8PAVkO+HbUOxmd00Yb8DgIIEpr2V9+Qe/j6MLxIgWtE/OtVQ54rVjfYRbZsCfw==",
      "hasInstallScript": true,
      "license": "Apache-2.0",
      "dependencies": {
        "@prisma/engines": "5.15.0"
      },
      "bin": {
        "prisma": "build/index.js"
      },
      "engines": {
        "node": ">=16.13"
      }
    }
  }
}
